{
  "name": "telnyx-ai-example",
  "version": "1.0.0",
  "lockfileVersion": 3,
  "requires": true,
  "packages": {
    "": {
      "name": "telnyx-ai-example",
      "version": "1.0.0",
      "license": "ISC",
      "dependencies": {
        "telnyx": "file:../../telnyx-0.0.1.tgz"
      },
      "engines": {
        "node": "^18 || >=20"
      }
    },
    "node_modules/telnyx": {
      "version": "0.0.1",
      "resolved": "file:../../telnyx-0.0.1.tgz",
      "integrity": "sha512-+lIPD06Ks2YstJJcz+M62TWcNcIZSKTPzfmsNmWNw1ByAp2hVqW2DL0km9Hoe0b8KBy+kYtpdW1G7WmboY94PQ==",
      "license": "MIT"
    }
  }
}
